# This file is automatically @generated by Cargo.
# It is not intended for manual editing.
version = 4

[[package]]
name = "native-ipc"
version = "0.1.0"
dependencies = [
 "native-ipc-core",
 "native-ipc-platform",
]

[[package]]
name = "native-ipc-core"
version = "0.1.0"

[[package]]
name = "native-ipc-platform"
version = "0.1.0"
dependencies = [
 "native-ipc-core",
]

[[package]]
name = "native-ipc-testkit"
version = "0.1.0"
dependencies = [
 "native-ipc-core",
]
